{
    "name": "com.foscam",
    "version": "2.0.0",
    "lockfileVersion": 1,
    "requires": true,
    "dependencies": {
        "fixture-stdout": {
            "version": "0.2.1",
            "resolved": "https://registry.npmjs.org/fixture-stdout/-/fixture-stdout-0.2.1.tgz",
            "integrity": "sha1-C3lmU1q4fPA/jcvvq9rD7/4ZWiQ="
        },
        "httpreq": {
            "version": "0.4.24",
            "resolved": "https://registry.npmjs.org/httpreq/-/httpreq-0.4.24.tgz",
            "integrity": "sha1-QzX/2CzZaWaKOUZckprGHWOTYn8="
        },
        "nodemailer": {
            "version": "5.1.1",
            "resolved": "https://registry.npmjs.org/nodemailer/-/nodemailer-5.1.1.tgz",
            "integrity": "sha512-hKGCoeNdFL2W7S76J/Oucbw0/qRlfG815tENdhzcqTpSjKgAN91mFOqU2lQUflRRxFM7iZvCyaFcAR9noc/CqQ=="
        },
        "xml2json-light": {
            "version": "1.0.6",
            "resolved": "https://registry.npmjs.org/xml2json-light/-/xml2json-light-1.0.6.tgz",
            "integrity": "sha1-ERaHcQorAfvS/hj0GK31Ed5UfzQ="
        }
    }
}
